
Microsoft Visual Studio Solution File, Format Version 12.00
# Visual Studio 15
VisualStudioVersion = 15.0.28307.421
MinimumVisualStudioVersion = 10.0.40219.1
Project("{FAE04EC0-301F-11D3-BF4B-00C04F79EFBC}") = "murcianovaliente", "murcianovaliente\murcianovaliente.csproj", "{541A7F04-4763-40E5-9706-229F09E78C29}"
EndProject
Global
	GlobalSection(SolutionConfigurationPlatforms) = preSolution
		Debug|Any CPU = Debug|Any CPU
		Release|Any CPU = Release|Any CPU
	EndGlobalSection
	GlobalSection(ProjectConfigurationPlatforms) = postSolution
		{541A7F04-4763-40E5-9706-229F09E78C29}.Debug|Any CPU.ActiveCfg = Debug|Any CPU
		{541A7F04-4763-40E5-9706-229F09E78C29}.Debug|Any CPU.Build.0 = Debug|Any CPU
		{541A7F04-4763-40E5-9706-229F09E78C29}.Release|Any CPU.ActiveCfg = Release|Any CPU
		{541A7F04-4763-40E5-9706-229F09E78C29}.Release|Any CPU.Build.0 = Release|Any CPU
	EndGlobalSection
	GlobalSection(SolutionProperties) = preSolution
		HideSolutionNode = FALSE
	EndGlobalSection
	GlobalSection(ExtensibilityGlobals) = postSolution
		SolutionGuid = {BC4FADEE-7B8F-4D82-AC8D-24A3749B482C}
	EndGlobalSection
EndGlobal
